
Microsoft Visual Studio Solution File, Format Version 12.00
# Visual Studio 15
VisualStudioVersion = 15.0.27703.1
MinimumVisualStudioVersion = 10.0.40219.1
Project("{FAE04EC0-301F-11D3-BF4B-00C04F79EFBC}") = "GuessTheFood", "GuessTheFood\GuessTheFood.csproj", "{992D00BC-0BB2-42FC-87F6-97DEF9D18E78}"
EndProject
Global
	GlobalSection(SolutionConfigurationPlatforms) = preSolution
		Debug|Any CPU = Debug|Any CPU
		Release|Any CPU = Release|Any CPU
	EndGlobalSection
	GlobalSection(ProjectConfigurationPlatforms) = postSolution
		{992D00BC-0BB2-42FC-87F6-97DEF9D18E78}.Debug|Any CPU.ActiveCfg = Debug|Any CPU
		{992D00BC-0BB2-42FC-87F6-97DEF9D18E78}.Debug|Any CPU.Build.0 = Debug|Any CPU
		{992D00BC-0BB2-42FC-87F6-97DEF9D18E78}.Release|Any CPU.ActiveCfg = Release|Any CPU
		{992D00BC-0BB2-42FC-87F6-97DEF9D18E78}.Release|Any CPU.Build.0 = Release|Any CPU
	EndGlobalSection
	GlobalSection(SolutionProperties) = preSolution
		HideSolutionNode = FALSE
	EndGlobalSection
	GlobalSection(ExtensibilityGlobals) = postSolution
		SolutionGuid = {C98502C0-1EE3-490C-8960-5F0BC1E85E3B}
	EndGlobalSection
EndGlobal
